{
  "name": "where-to-live",
  "version": "0.0.1",
  "lockfileVersion": 1,
  "requires": true,
  "dependencies": {
    "@stencil/core": {
      "version": "1.1.9",
      "resolved": "https://nexus.doc.state.wi.us/repository/npm-public/@stencil/core/-/core-1.1.9.tgz",
      "integrity": "sha512-Xji3A64hV9aCPLnOngh6F5uk+MwRgoXWLDg0WwYZAikxiZjkQgTJoX8D9zgu5fmsdI3t9a5tnY70PKT/80nQ0A==",
      "requires": {
        "typescript": "3.5.3"
      }
    },
    "typescript": {
      "version": "3.5.3",
      "resolved": "https://nexus.doc.state.wi.us/repository/npm-public/typescript/-/typescript-3.5.3.tgz",
      "integrity": "sha512-ACzBtm/PhXBDId6a6sDJfroT2pOWt/oOnk4/dElG5G33ZL776N3Y6/6bKZJBFpd+b05F3Ct9qDjMeJmRWtE2/g=="
    }
  }
}
