{
  "name": "where-to-live",
  "version": "0.0.1",
  "lockfileVersion": 1,
  "requires": true,
  "dependencies": {
    "@stencil/core": {
      "version": "1.2.1",
      "resolved": "https://nexus.doc.state.wi.us/repository/npm-public/@stencil/core/-/core-1.2.1.tgz",
      "integrity": "sha512-aXwwWVPsX2nqMXQm4S6zxZAKxYCAuR3VnIHejWJZSUsqhCjeS6TQzNkPEEQy54LGZrTZb9xHYxKmPiakuUpV9Q==",
      "requires": {
        "typescript": "3.5.3"
      }
    },
    "typescript": {
      "version": "3.5.3",
      "resolved": "https://nexus.doc.state.wi.us/repository/npm-public/typescript/-/typescript-3.5.3.tgz",
      "integrity": "sha512-ACzBtm/PhXBDId6a6sDJfroT2pOWt/oOnk4/dElG5G33ZL776N3Y6/6bKZJBFpd+b05F3Ct9qDjMeJmRWtE2/g=="
    }
  }
}
